
Microsoft Visual Studio Solution File, Format Version 12.00
# Visual Studio Version 16
VisualStudioVersion = 16.0.29613.14
MinimumVisualStudioVersion = 10.0.40219.1
Project("{FAE04EC0-301F-11D3-BF4B-00C04F79EFBC}") = "Sudoku(lab01)", "Sudoku(lab01).csproj", "{B6DE8C50-5669-422D-A5AE-4403C8FD1930}"
EndProject
Global
	GlobalSection(SolutionConfigurationPlatforms) = preSolution
		Debug|Any CPU = Debug|Any CPU
		Release|Any CPU = Release|Any CPU
	EndGlobalSection
	GlobalSection(ProjectConfigurationPlatforms) = postSolution
		{B6DE8C50-5669-422D-A5AE-4403C8FD1930}.Debug|Any CPU.ActiveCfg = Debug|Any CPU
		{B6DE8C50-5669-422D-A5AE-4403C8FD1930}.Debug|Any CPU.Build.0 = Debug|Any CPU
		{B6DE8C50-5669-422D-A5AE-4403C8FD1930}.Release|Any CPU.ActiveCfg = Release|Any CPU
		{B6DE8C50-5669-422D-A5AE-4403C8FD1930}.Release|Any CPU.Build.0 = Release|Any CPU
	EndGlobalSection
	GlobalSection(SolutionProperties) = preSolution
		HideSolutionNode = FALSE
	EndGlobalSection
	GlobalSection(ExtensibilityGlobals) = postSolution
		SolutionGuid = {38F7C6B1-A41B-4FF0-A401-A04FDF071538}
	EndGlobalSection
EndGlobal
