
Microsoft Visual Studio Solution File, Format Version 12.00
# Visual Studio Version 16
VisualStudioVersion = 16.0.30503.244
MinimumVisualStudioVersion = 10.0.40219.1
Project("{FAE04EC0-301F-11D3-BF4B-00C04F79EFBC}") = "chris_ica05", "chris_ica05.csproj", "{531F8442-FD50-4D7A-9448-5D8EE71E0464}"
EndProject
Global
	GlobalSection(SolutionConfigurationPlatforms) = preSolution
		Debug|Any CPU = Debug|Any CPU
		Release|Any CPU = Release|Any CPU
	EndGlobalSection
	GlobalSection(ProjectConfigurationPlatforms) = postSolution
		{531F8442-FD50-4D7A-9448-5D8EE71E0464}.Debug|Any CPU.ActiveCfg = Debug|Any CPU
		{531F8442-FD50-4D7A-9448-5D8EE71E0464}.Debug|Any CPU.Build.0 = Debug|Any CPU
		{531F8442-FD50-4D7A-9448-5D8EE71E0464}.Release|Any CPU.ActiveCfg = Release|Any CPU
		{531F8442-FD50-4D7A-9448-5D8EE71E0464}.Release|Any CPU.Build.0 = Release|Any CPU
	EndGlobalSection
	GlobalSection(SolutionProperties) = preSolution
		HideSolutionNode = FALSE
	EndGlobalSection
	GlobalSection(ExtensibilityGlobals) = postSolution
		SolutionGuid = {BB34365D-69FC-4C69-AEB7-438F7D45860E}
	EndGlobalSection
EndGlobal
