
Microsoft Visual Studio Solution File, Format Version 12.00
# Visual Studio Version 16
VisualStudioVersion = 16.0.30503.244
MinimumVisualStudioVersion = 10.0.40219.1
Project("{FAE04EC0-301F-11D3-BF4B-00C04F79EFBC}") = "chris_lab3", "chris_lab3.csproj", "{7B9A9AD1-D686-4DB9-AF1C-B296D4B8E4EC}"
EndProject
Global
	GlobalSection(SolutionConfigurationPlatforms) = preSolution
		Debug|Any CPU = Debug|Any CPU
		Release|Any CPU = Release|Any CPU
	EndGlobalSection
	GlobalSection(ProjectConfigurationPlatforms) = postSolution
		{7B9A9AD1-D686-4DB9-AF1C-B296D4B8E4EC}.Debug|Any CPU.ActiveCfg = Debug|Any CPU
		{7B9A9AD1-D686-4DB9-AF1C-B296D4B8E4EC}.Debug|Any CPU.Build.0 = Debug|Any CPU
		{7B9A9AD1-D686-4DB9-AF1C-B296D4B8E4EC}.Release|Any CPU.ActiveCfg = Release|Any CPU
		{7B9A9AD1-D686-4DB9-AF1C-B296D4B8E4EC}.Release|Any CPU.Build.0 = Release|Any CPU
	EndGlobalSection
	GlobalSection(SolutionProperties) = preSolution
		HideSolutionNode = FALSE
	EndGlobalSection
	GlobalSection(ExtensibilityGlobals) = postSolution
		SolutionGuid = {E85F0502-AC55-4A4B-9381-7B417BAEE949}
	EndGlobalSection
EndGlobal
