
Microsoft Visual Studio Solution File, Format Version 12.00
# Visual Studio Version 16
VisualStudioVersion = 16.0.30503.244
MinimumVisualStudioVersion = 10.0.40219.1
Project("{FAE04EC0-301F-11D3-BF4B-00C04F79EFBC}") = "chris_ica17", "chris_ica17.csproj", "{4034DECB-66B6-44A8-A50D-B088F3E81D40}"
EndProject
Global
	GlobalSection(SolutionConfigurationPlatforms) = preSolution
		Debug|Any CPU = Debug|Any CPU
		Release|Any CPU = Release|Any CPU
	EndGlobalSection
	GlobalSection(ProjectConfigurationPlatforms) = postSolution
		{4034DECB-66B6-44A8-A50D-B088F3E81D40}.Debug|Any CPU.ActiveCfg = Debug|Any CPU
		{4034DECB-66B6-44A8-A50D-B088F3E81D40}.Debug|Any CPU.Build.0 = Debug|Any CPU
		{4034DECB-66B6-44A8-A50D-B088F3E81D40}.Release|Any CPU.ActiveCfg = Release|Any CPU
		{4034DECB-66B6-44A8-A50D-B088F3E81D40}.Release|Any CPU.Build.0 = Release|Any CPU
	EndGlobalSection
	GlobalSection(SolutionProperties) = preSolution
		HideSolutionNode = FALSE
	EndGlobalSection
	GlobalSection(ExtensibilityGlobals) = postSolution
		SolutionGuid = {A3BD528D-1C0B-4FC1-B3B9-8E0970EDB1CF}
	EndGlobalSection
EndGlobal
