
Microsoft Visual Studio Solution File, Format Version 12.00
# Visual Studio Version 16
VisualStudioVersion = 16.0.31005.135
MinimumVisualStudioVersion = 10.0.40219.1
Project("{FAE04EC0-301F-11D3-BF4B-00C04F79EFBC}") = "chris_lab03_pixelPenitration", "chris_lab03_pixelPenitration.csproj", "{1653C74B-6759-4482-AE41-B7E0E9D900C1}"
EndProject
Global
	GlobalSection(SolutionConfigurationPlatforms) = preSolution
		Debug|Any CPU = Debug|Any CPU
		Release|Any CPU = Release|Any CPU
	EndGlobalSection
	GlobalSection(ProjectConfigurationPlatforms) = postSolution
		{1653C74B-6759-4482-AE41-B7E0E9D900C1}.Debug|Any CPU.ActiveCfg = Debug|Any CPU
		{1653C74B-6759-4482-AE41-B7E0E9D900C1}.Debug|Any CPU.Build.0 = Debug|Any CPU
		{1653C74B-6759-4482-AE41-B7E0E9D900C1}.Release|Any CPU.ActiveCfg = Release|Any CPU
		{1653C74B-6759-4482-AE41-B7E0E9D900C1}.Release|Any CPU.Build.0 = Release|Any CPU
	EndGlobalSection
	GlobalSection(SolutionProperties) = preSolution
		HideSolutionNode = FALSE
	EndGlobalSection
	GlobalSection(ExtensibilityGlobals) = postSolution
		SolutionGuid = {724ECAF1-3489-49BF-83EE-98507FEC8E81}
	EndGlobalSection
EndGlobal
