
Microsoft Visual Studio Solution File, Format Version 12.00
# Visual Studio Version 16
VisualStudioVersion = 16.0.29424.173
MinimumVisualStudioVersion = 10.0.40219.1
Project("{8BC9CEB8-8B4A-11D0-8D11-00A0C91BC942}") = "ica2", "ica2.vcxproj", "{8BA51B66-4D3D-4D9C-9246-100FB8858C86}"
EndProject
Global
	GlobalSection(SolutionConfigurationPlatforms) = preSolution
		Debug|x64 = Debug|x64
		Debug|x86 = Debug|x86
		Release|x64 = Release|x64
		Release|x86 = Release|x86
	EndGlobalSection
	GlobalSection(ProjectConfigurationPlatforms) = postSolution
		{8BA51B66-4D3D-4D9C-9246-100FB8858C86}.Debug|x64.ActiveCfg = Debug|x64
		{8BA51B66-4D3D-4D9C-9246-100FB8858C86}.Debug|x64.Build.0 = Debug|x64
		{8BA51B66-4D3D-4D9C-9246-100FB8858C86}.Debug|x86.ActiveCfg = Debug|Win32
		{8BA51B66-4D3D-4D9C-9246-100FB8858C86}.Debug|x86.Build.0 = Debug|Win32
		{8BA51B66-4D3D-4D9C-9246-100FB8858C86}.Release|x64.ActiveCfg = Release|x64
		{8BA51B66-4D3D-4D9C-9246-100FB8858C86}.Release|x64.Build.0 = Release|x64
		{8BA51B66-4D3D-4D9C-9246-100FB8858C86}.Release|x86.ActiveCfg = Release|Win32
		{8BA51B66-4D3D-4D9C-9246-100FB8858C86}.Release|x86.Build.0 = Release|Win32
	EndGlobalSection
	GlobalSection(SolutionProperties) = preSolution
		HideSolutionNode = FALSE
	EndGlobalSection
	GlobalSection(ExtensibilityGlobals) = postSolution
		SolutionGuid = {F3E1090A-EFF0-4E3F-BBA4-171E6FFDB633}
	EndGlobalSection
EndGlobal
