
Microsoft Visual Studio Solution File, Format Version 12.00
# Visual Studio Version 16
VisualStudioVersion = 16.0.29424.173
MinimumVisualStudioVersion = 10.0.40219.1
Project("{FAE04EC0-301F-11D3-BF4B-00C04F79EFBC}") = "ica4", "ica4.csproj", "{CD1F840A-D5AD-425D-8DCC-2BAE7F3C99A8}"
EndProject
Global
	GlobalSection(SolutionConfigurationPlatforms) = preSolution
		Debug|Any CPU = Debug|Any CPU
		Release|Any CPU = Release|Any CPU
	EndGlobalSection
	GlobalSection(ProjectConfigurationPlatforms) = postSolution
		{CD1F840A-D5AD-425D-8DCC-2BAE7F3C99A8}.Debug|Any CPU.ActiveCfg = Debug|Any CPU
		{CD1F840A-D5AD-425D-8DCC-2BAE7F3C99A8}.Debug|Any CPU.Build.0 = Debug|Any CPU
		{CD1F840A-D5AD-425D-8DCC-2BAE7F3C99A8}.Release|Any CPU.ActiveCfg = Release|Any CPU
		{CD1F840A-D5AD-425D-8DCC-2BAE7F3C99A8}.Release|Any CPU.Build.0 = Release|Any CPU
	EndGlobalSection
	GlobalSection(SolutionProperties) = preSolution
		HideSolutionNode = FALSE
	EndGlobalSection
	GlobalSection(ExtensibilityGlobals) = postSolution
		SolutionGuid = {5661E057-B84C-471E-BD97-5781D371BF94}
	EndGlobalSection
EndGlobal
